{
  "requires": true,
  "lockfileVersion": 1,
  "dependencies": {
    "enzyme-to-json": {
      "version": "3.4.0",
      "resolved": "https://registry.npmjs.org/enzyme-to-json/-/enzyme-to-json-3.4.0.tgz",
      "integrity": "sha512-gbu8P8PMAtb+qtKuGVRdZIYxWHC03q1dGS3EKRmUzmTDIracu3o6cQ0d4xI2YWojbelbxjYOsmqM5EgAL0WgIA==",
      "dev": true,
      "requires": {
        "lodash": "^4.17.12"
      }
    },
    "lodash": {
      "version": "4.17.15",
      "resolved": "https://registry.npmjs.org/lodash/-/lodash-4.17.15.tgz",
      "integrity": "sha512-8xOcRHvCjnocdS5cpwXQXVzmmh5e5+saE2QGoeQmbKmRS6J3VQppPOIt0MnmE+4xlZoumy0GPG0D0MVIQbNA1A==",
      "dev": true
    }
  }
}
